// !$*UTF8*$!
{
	archiveVersion = 1;
	classes = {
	};
	objectVersion = 77;
	objects = {

/* Begin PBXBuildFile section */
		4331CF672EE89068001CFCB7 /* AppDelegate.swift in Sources */ = {isa = PBXBuildFile; fileRef = 4331CF5D2EE89068001CFCB7 /* AppDelegate.swift */; };
		4331CF682EE89068001CFCB7 /* SceneDelegate.swift in Sources */ = {isa = PBXBuildFile; fileRef = 4331CF642EE89068001CFCB7 /* SceneDelegate.swift */; };
		4331CF6A2EE89068001CFCB7 /* Assets.xcassets in Resources */ = {isa = PBXBuildFile; fileRef = 4331CF5E2EE89068001CFCB7 /* Assets.xcassets */; };
		4331CF6C2EE89068001CFCB7 /* LaunchScreen.storyboard in Resources */ = {isa = PBXBuildFile; fileRef = 4331CF612EE89068001CFCB7 /* LaunchScreen.storyboard */; };
		4331CF6D2EE89068001CFCB7 /* Main.storyboard in Resources */ = {isa = PBXBuildFile; fileRef = 4331CF632EE89068001CFCB7 /* Main.storyboard */; };
		4331CF702EE8909A001CFCB7 /* AppCoordinator.swift in Sources */ = {isa = PBXBuildFile; fileRef = 4331CF6F2EE8908E001CFCB7 /* AppCoordinator.swift */; };
		4331CF7F2EE8914E001CFCB7 /* WeatherLocationViewModelProtocols.swift in Sources */ = {isa = PBXBuildFile; fileRef = 4331CF7E2EE89145001CFCB7 /* WeatherLocationViewModelProtocols.swift */; };
		4331CF812EE89164001CFCB7 /* WeatherLocationViewModel.swift in Sources */ = {isa = PBXBuildFile; fileRef = 4331CF802EE89152001CFCB7 /* WeatherLocationViewModel.swift */; };
		4331CF832EE8917A001CFCB7 /* WeatherLocationVC.swift in Sources */ = {isa = PBXBuildFile; fileRef = 4331CF822EE8917A001CFCB7 /* WeatherLocationVC.swift */; };
		4331CF872EE891CC001CFCB7 /* MainCoordinator.swift in Sources */ = {isa = PBXBuildFile; fileRef = 4331CF862EE8919E001CFCB7 /* MainCoordinator.swift */; };
		434BC0312EE9640B008E8D2D /* WeatherImage.swift in Sources */ = {isa = PBXBuildFile; fileRef = 434BC0302EE9640B008E8D2D /* WeatherImage.swift */; };
		434BC0342EE9642B008E8D2D /* WeatherImage.xib in Resources */ = {isa = PBXBuildFile; fileRef = 434BC0332EE9642B008E8D2D /* WeatherImage.xib */; };
		434BC0372EE96F1C008E8D2D /* SearchEngine.swift in Sources */ = {isa = PBXBuildFile; fileRef = 434BC0362EE96F1C008E8D2D /* SearchEngine.swift */; };
		434BC0392EE96F2B008E8D2D /* SearchEngine.xib in Resources */ = {isa = PBXBuildFile; fileRef = 434BC0382EE96F2B008E8D2D /* SearchEngine.xib */; };
		434BC0402EE974EC008E8D2D /* DrawerProtocol.swift in Sources */ = {isa = PBXBuildFile; fileRef = 434BC03F2EE974DF008E8D2D /* DrawerProtocol.swift */; };
		434BC0432EE9764C008E8D2D /* SearchEngineCell.xib in Resources */ = {isa = PBXBuildFile; fileRef = 434BC0422EE9764C008E8D2D /* SearchEngineCell.xib */; };
		434BC0442EE9764C008E8D2D /* SearchEngineCell.swift in Sources */ = {isa = PBXBuildFile; fileRef = 434BC0412EE9764C008E8D2D /* SearchEngineCell.swift */; };
		434BC0492EE986EC008E8D2D /* Constants.swift in Sources */ = {isa = PBXBuildFile; fileRef = 434BC0482EE986CF008E8D2D /* Constants.swift */; };
		434BC04C2EE998B5008E8D2D /* DateLabel.swift in Sources */ = {isa = PBXBuildFile; fileRef = 434BC04B2EE998B5008E8D2D /* DateLabel.swift */; };
		434BC04E2EE998C5008E8D2D /* DateLabel.xib in Resources */ = {isa = PBXBuildFile; fileRef = 434BC04D2EE998C5008E8D2D /* DateLabel.xib */; };
		434BC0512EE99BB9008E8D2D /* TemperatureLabel.swift in Sources */ = {isa = PBXBuildFile; fileRef = 434BC0502EE99BB9008E8D2D /* TemperatureLabel.swift */; };
		434BC0532EE99BC1008E8D2D /* TemperatureLabel.xib in Resources */ = {isa = PBXBuildFile; fileRef = 434BC0522EE99BC1008E8D2D /* TemperatureLabel.xib */; };
		434BC0592EE99E04008E8D2D /* MainWeatherCell.xib in Resources */ = {isa = PBXBuildFile; fileRef = 434BC0582EE99E04008E8D2D /* MainWeatherCell.xib */; };
		434BC05A2EE99E04008E8D2D /* MainWeatherCell.swift in Sources */ = {isa = PBXBuildFile; fileRef = 434BC0572EE99E04008E8D2D /* MainWeatherCell.swift */; };
		434BC05C2EE9C04B008E8D2D /* Utils.swift in Sources */ = {isa = PBXBuildFile; fileRef = 434BC05B2EE9C044008E8D2D /* Utils.swift */; };
		434BC05E2EE9D990008E8D2D /* AllDataResponseDTO.swift in Sources */ = {isa = PBXBuildFile; fileRef = 434BC05D2EE9D95E008E8D2D /* AllDataResponseDTO.swift */; };
		434BC0652EE9DACA008E8D2D /* WeatherModel.swift in Sources */ = {isa = PBXBuildFile; fileRef = 434BC0642EE9DABC008E8D2D /* WeatherModel.swift */; };
		434BC0672EE9DB62008E8D2D /* WeatherMapper.swift in Sources */ = {isa = PBXBuildFile; fileRef = 434BC0662EE9DB57008E8D2D /* WeatherMapper.swift */; };
		434BC0692EE9DE91008E8D2D /* WeatherApiService.swift in Sources */ = {isa = PBXBuildFile; fileRef = 434BC0682EE9DE7F008E8D2D /* WeatherApiService.swift */; };
		434BC06B2EE9DE9B008E8D2D /* WeatherApiServiceProtocol.swift in Sources */ = {isa = PBXBuildFile; fileRef = 434BC06A2EE9DE95008E8D2D /* WeatherApiServiceProtocol.swift */; };
		434BC06E2EE9E8D0008E8D2D /* WeatherRepositoryProtocol.swift in Sources */ = {isa = PBXBuildFile; fileRef = 434BC06D2EE9E8C8008E8D2D /* WeatherRepositoryProtocol.swift */; };
		434BC0712EE9E940008E8D2D /* WeatherRepository.swift in Sources */ = {isa = PBXBuildFile; fileRef = 434BC0702EE9E93A008E8D2D /* WeatherRepository.swift */; };
		434BC0752EE9F68B008E8D2D /* LocationServiceProtocols.swift in Sources */ = {isa = PBXBuildFile; fileRef = 434BC0742EE9F67E008E8D2D /* LocationServiceProtocols.swift */; };
		434BC0772EE9F694008E8D2D /* LocationService.swift in Sources */ = {isa = PBXBuildFile; fileRef = 434BC0762EE9F690008E8D2D /* LocationService.swift */; };
		434BC0922EEA0F03008E8D2D /* Localizable.strings in Resources */ = {isa = PBXBuildFile; fileRef = 434BC0912EEA0F03008E8D2D /* Localizable.strings */; };
/* End PBXBuildFile section */

/* Begin PBXFileReference section */
		4331CF352EE88C9B001CFCB7 /* NowWeather.app */ = {isa = PBXFileReference; explicitFileType = wrapper.application; includeInIndex = 0; path = NowWeather.app; sourceTree = BUILT_PRODUCTS_DIR; };
		4331CF5D2EE89068001CFCB7 /* AppDelegate.swift */ = {isa = PBXFileReference; lastKnownFileType = sourcecode.swift; path = AppDelegate.swift; sourceTree = "<group>"; };
		4331CF5E2EE89068001CFCB7 /* Assets.xcassets */ = {isa = PBXFileReference; lastKnownFileType = folder.assetcatalog; path = Assets.xcassets; sourceTree = "<group>"; };
		4331CF5F2EE89068001CFCB7 /* Info.plist */ = {isa = PBXFileReference; lastKnownFileType = text.plist.xml; path = Info.plist; sourceTree = "<group>"; };
		4331CF602EE89068001CFCB7 /* Base */ = {isa = PBXFileReference; lastKnownFileType = file.storyboard; name = Base; path = Base.lproj/LaunchScreen.storyboard; sourceTree = "<group>"; };
		4331CF622EE89068001CFCB7 /* Base */ = {isa = PBXFileReference; lastKnownFileType = file.storyboard; name = Base; path = Base.lproj/Main.storyboard; sourceTree = "<group>"; };
		4331CF642EE89068001CFCB7 /* SceneDelegate.swift */ = {isa = PBXFileReference; lastKnownFileType = sourcecode.swift; path = SceneDelegate.swift; sourceTree = "<group>"; };
		4331CF6F2EE8908E001CFCB7 /* AppCoordinator.swift */ = {isa = PBXFileReference; lastKnownFileType = sourcecode.swift; path = AppCoordinator.swift; sourceTree = "<group>"; };
		4331CF7E2EE89145001CFCB7 /* WeatherLocationViewModelProtocols.swift */ = {isa = PBXFileReference; lastKnownFileType = sourcecode.swift; path = WeatherLocationViewModelProtocols.swift; sourceTree = "<group>"; };
		4331CF802EE89152001CFCB7 /* WeatherLocationViewModel.swift */ = {isa = PBXFileReference; lastKnownFileType = sourcecode.swift; path = WeatherLocationViewModel.swift; sourceTree = "<group>"; };
		4331CF822EE8917A001CFCB7 /* WeatherLocationVC.swift */ = {isa = PBXFileReference; lastKnownFileType = sourcecode.swift; path = WeatherLocationVC.swift; sourceTree = "<group>"; };
		4331CF862EE8919E001CFCB7 /* MainCoordinator.swift */ = {isa = PBXFileReference; lastKnownFileType = sourcecode.swift; path = MainCoordinator.swift; sourceTree = "<group>"; };
		434BC0302EE9640B008E8D2D /* WeatherImage.swift */ = {isa = PBXFileReference; lastKnownFileType = sourcecode.swift; path = WeatherImage.swift; sourceTree = "<group>"; };
		434BC0332EE9642B008E8D2D /* WeatherImage.xib */ = {isa = PBXFileReference; lastKnownFileType = file.xib; path = WeatherImage.xib; sourceTree = "<group>"; };
		434BC0362EE96F1C008E8D2D /* SearchEngine.swift */ = {isa = PBXFileReference; lastKnownFileType = sourcecode.swift; path = SearchEngine.swift; sourceTree = "<group>"; };
		434BC0382EE96F2B008E8D2D /* SearchEngine.xib */ = {isa = PBXFileReference; lastKnownFileType = file.xib; path = SearchEngine.xib; sourceTree = "<group>"; };
		434BC03F2EE974DF008E8D2D /* DrawerProtocol.swift */ = {isa = PBXFileReference; lastKnownFileType = sourcecode.swift; path = DrawerProtocol.swift; sourceTree = "<group>"; };
		434BC0412EE9764C008E8D2D /* SearchEngineCell.swift */ = {isa = PBXFileReference; lastKnownFileType = sourcecode.swift; path = SearchEngineCell.swift; sourceTree = "<group>"; };
		434BC0422EE9764C008E8D2D /* SearchEngineCell.xib */ = {isa = PBXFileReference; lastKnownFileType = file.xib; path = SearchEngineCell.xib; sourceTree = "<group>"; };
		434BC0482EE986CF008E8D2D /* Constants.swift */ = {isa = PBXFileReference; lastKnownFileType = sourcecode.swift; path = Constants.swift; sourceTree = "<group>"; };
		434BC04B2EE998B5008E8D2D /* DateLabel.swift */ = {isa = PBXFileReference; lastKnownFileType = sourcecode.swift; path = DateLabel.swift; sourceTree = "<group>"; };
		434BC04D2EE998C5008E8D2D /* DateLabel.xib */ = {isa = PBXFileReference; lastKnownFileType = file.xib; path = DateLabel.xib; sourceTree = "<group>"; };
		434BC0502EE99BB9008E8D2D /* TemperatureLabel.swift */ = {isa = PBXFileReference; lastKnownFileType = sourcecode.swift; path = TemperatureLabel.swift; sourceTree = "<group>"; };
		434BC0522EE99BC1008E8D2D /* TemperatureLabel.xib */ = {isa = PBXFileReference; lastKnownFileType = file.xib; path = TemperatureLabel.xib; sourceTree = "<group>"; };
		434BC0572EE99E04008E8D2D /* MainWeatherCell.swift */ = {isa = PBXFileReference; lastKnownFileType = sourcecode.swift; path = MainWeatherCell.swift; sourceTree = "<group>"; };
		434BC0582EE99E04008E8D2D /* MainWeatherCell.xib */ = {isa = PBXFileReference; lastKnownFileType = file.xib; path = MainWeatherCell.xib; sourceTree = "<group>"; };
		434BC05B2EE9C044008E8D2D /* Utils.swift */ = {isa = PBXFileReference; lastKnownFileType = sourcecode.swift; path = Utils.swift; sourceTree = "<group>"; };
		434BC05D2EE9D95E008E8D2D /* AllDataResponseDTO.swift */ = {isa = PBXFileReference; lastKnownFileType = sourcecode.swift; path = AllDataResponseDTO.swift; sourceTree = "<group>"; };
		434BC0642EE9DABC008E8D2D /* WeatherModel.swift */ = {isa = PBXFileReference; lastKnownFileType = sourcecode.swift; path = WeatherModel.swift; sourceTree = "<group>"; };
		434BC0662EE9DB57008E8D2D /* WeatherMapper.swift */ = {isa = PBXFileReference; lastKnownFileType = sourcecode.swift; path = WeatherMapper.swift; sourceTree = "<group>"; };
		434BC0682EE9DE7F008E8D2D /* WeatherApiService.swift */ = {isa = PBXFileReference; lastKnownFileType = sourcecode.swift; path = WeatherApiService.swift; sourceTree = "<group>"; };
		434BC06A2EE9DE95008E8D2D /* WeatherApiServiceProtocol.swift */ = {isa = PBXFileReference; lastKnownFileType = sourcecode.swift; path = WeatherApiServiceProtocol.swift; sourceTree = "<group>"; };
		434BC06D2EE9E8C8008E8D2D /* WeatherRepositoryProtocol.swift */ = {isa = PBXFileReference; lastKnownFileType = sourcecode.swift; path = WeatherRepositoryProtocol.swift; sourceTree = "<group>"; };
		434BC0702EE9E93A008E8D2D /* WeatherRepository.swift */ = {isa = PBXFileReference; lastKnownFileType = sourcecode.swift; path = WeatherRepository.swift; sourceTree = "<group>"; };
		434BC0742EE9F67E008E8D2D /* LocationServiceProtocols.swift */ = {isa = PBXFileReference; lastKnownFileType = sourcecode.swift; path = LocationServiceProtocols.swift; sourceTree = "<group>"; };
		434BC0762EE9F690008E8D2D /* LocationService.swift */ = {isa = PBXFileReference; lastKnownFileType = sourcecode.swift; path = LocationService.swift; sourceTree = "<group>"; };
		434BC0912EEA0F03008E8D2D /* Localizable.strings */ = {isa = PBXFileReference; lastKnownFileType = text.plist.strings; path = Localizable.strings; sourceTree = "<group>"; };
/* End PBXFileReference section */

/* Begin PBXFrameworksBuildPhase section */
		4331CF322EE88C9B001CFCB7 /* Frameworks */ = {
			isa = PBXFrameworksBuildPhase;
			buildActionMask = 2147483647;
			files = (
			);
			runOnlyForDeploymentPostprocessing = 0;
		};
/* End PBXFrameworksBuildPhase section */

/* Begin PBXGroup section */
		4331CF2C2EE88C9B001CFCB7 = {
			isa = PBXGroup;
			children = (
				4331CF662EE89068001CFCB7 /* NowWeather */,
				4331CF362EE88C9B001CFCB7 /* Products */,
			);
			sourceTree = "<group>";
		};
		4331CF362EE88C9B001CFCB7 /* Products */ = {
			isa = PBXGroup;
			children = (
				4331CF352EE88C9B001CFCB7 /* NowWeather.app */,
			);
			name = Products;
			sourceTree = "<group>";
		};
		4331CF662EE89068001CFCB7 /* NowWeather */ = {
			isa = PBXGroup;
			children = (
				434BC0722EE9F656008E8D2D /* Device */,
				4331CF772EE89106001CFCB7 /* Presentation */,
				4331CF752EE890F3001CFCB7 /* Domain */,
				4331CF712EE890A0001CFCB7 /* Data */,
				4331CF6E2EE89080001CFCB7 /* Application */,
				4331CF9A2EE899BC001CFCB7 /* Resources */,
				4331CF5E2EE89068001CFCB7 /* Assets.xcassets */,
				4331CF5F2EE89068001CFCB7 /* Info.plist */,
				4331CF612EE89068001CFCB7 /* LaunchScreen.storyboard */,
				4331CF632EE89068001CFCB7 /* Main.storyboard */,
			);
			path = NowWeather;
			sourceTree = "<group>";
		};
		4331CF6E2EE89080001CFCB7 /* Application */ = {
			isa = PBXGroup;
			children = (
				4331CF6F2EE8908E001CFCB7 /* AppCoordinator.swift */,
				4331CF5D2EE89068001CFCB7 /* AppDelegate.swift */,
				4331CF642EE89068001CFCB7 /* SceneDelegate.swift */,
			);
			path = Application;
			sourceTree = "<group>";
		};
		4331CF712EE890A0001CFCB7 /* Data */ = {
			isa = PBXGroup;
			children = (
				434BC06C2EE9E848008E8D2D /* Repository */,
				4331CF722EE890A7001CFCB7 /* API */,
			);
			path = Data;
			sourceTree = "<group>";
		};
		4331CF722EE890A7001CFCB7 /* API */ = {
			isa = PBXGroup;
			children = (
				434BC06A2EE9DE95008E8D2D /* WeatherApiServiceProtocol.swift */,
				434BC0682EE9DE7F008E8D2D /* WeatherApiService.swift */,
				4331CF732EE890AE001CFCB7 /* Mappers */,
				4331CF742EE890B3001CFCB7 /* DTOs */,
			);
			path = API;
			sourceTree = "<group>";
		};
		4331CF732EE890AE001CFCB7 /* Mappers */ = {
			isa = PBXGroup;
			children = (
				434BC0662EE9DB57008E8D2D /* WeatherMapper.swift */,
			);
			path = Mappers;
			sourceTree = "<group>";
		};
		4331CF742EE890B3001CFCB7 /* DTOs */ = {
			isa = PBXGroup;
			children = (
				434BC05D2EE9D95E008E8D2D /* AllDataResponseDTO.swift */,
			);
			path = DTOs;
			sourceTree = "<group>";
		};
		4331CF752EE890F3001CFCB7 /* Domain */ = {
			isa = PBXGroup;
			children = (
				4331CF762EE89100001CFCB7 /* Models */,
			);
			path = Domain;
			sourceTree = "<group>";
		};
		4331CF762EE89100001CFCB7 /* Models */ = {
			isa = PBXGroup;
			children = (
				434BC0642EE9DABC008E8D2D /* WeatherModel.swift */,
			);
			path = Models;
			sourceTree = "<group>";
		};
		4331CF772EE89106001CFCB7 /* Presentation */ = {
			isa = PBXGroup;
			children = (
				4331CF852EE89194001CFCB7 /* Coordinators */,
				4331CF7C2EE89126001CFCB7 /* Screens */,
				4331CF792EE89115001CFCB7 /* Components */,
				4331CF782EE8910F001CFCB7 /* Common */,
			);
			path = Presentation;
			sourceTree = "<group>";
		};
		4331CF782EE8910F001CFCB7 /* Common */ = {
			isa = PBXGroup;
			children = (
				434BC03F2EE974DF008E8D2D /* DrawerProtocol.swift */,
			);
			path = Common;
			sourceTree = "<group>";
		};
		4331CF792EE89115001CFCB7 /* Components */ = {
			isa = PBXGroup;
			children = (
				4331CF7B2EE8911F001CFCB7 /* Cells */,
				4331CF7A2EE8911A001CFCB7 /* Views */,
			);
			path = Components;
			sourceTree = "<group>";
		};
		4331CF7A2EE8911A001CFCB7 /* Views */ = {
			isa = PBXGroup;
			children = (
				434BC04F2EE99B5F008E8D2D /* TemperatureLabelView */,
				434BC04A2EE9988F008E8D2D /* DateLabelView */,
				434BC0352EE96EE3008E8D2D /* SearchEngineView */,
				434BC0322EE9640F008E8D2D /* WeatherImageView */,
			);
			path = Views;
			sourceTree = "<group>";
		};
		4331CF7B2EE8911F001CFCB7 /* Cells */ = {
			isa = PBXGroup;
			children = (
				434BC0542EE99D85008E8D2D /* MainWeatherCell */,
				434BC03A2EE9746D008E8D2D /* SearchEngineCell */,
			);
			path = Cells;
			sourceTree = "<group>";
		};
		4331CF7C2EE89126001CFCB7 /* Screens */ = {
			isa = PBXGroup;
			children = (
				4331CF842EE8917F001CFCB7 /* WeatherSearched */,
				4331CF7D2EE8912E001CFCB7 /* WeatherLocation */,
			);
			path = Screens;
			sourceTree = "<group>";
		};
		4331CF7D2EE8912E001CFCB7 /* WeatherLocation */ = {
			isa = PBXGroup;
			children = (
				4331CF802EE89152001CFCB7 /* WeatherLocationViewModel.swift */,
				4331CF7E2EE89145001CFCB7 /* WeatherLocationViewModelProtocols.swift */,
				4331CF822EE8917A001CFCB7 /* WeatherLocationVC.swift */,
			);
			path = WeatherLocation;
			sourceTree = "<group>";
		};
		4331CF842EE8917F001CFCB7 /* WeatherSearched */ = {
			isa = PBXGroup;
			children = (
			);
			path = WeatherSearched;
			sourceTree = "<group>";
		};
		4331CF852EE89194001CFCB7 /* Coordinators */ = {
			isa = PBXGroup;
			children = (
				4331CF862EE8919E001CFCB7 /* MainCoordinator.swift */,
			);
			path = Coordinators;
			sourceTree = "<group>";
		};
		4331CF9A2EE899BC001CFCB7 /* Resources */ = {
			isa = PBXGroup;
			children = (
				434BC0912EEA0F03008E8D2D /* Localizable.strings */,
				434BC05B2EE9C044008E8D2D /* Utils.swift */,
				434BC0482EE986CF008E8D2D /* Constants.swift */,
			);
			path = Resources;
			sourceTree = "<group>";
		};
		434BC0322EE9640F008E8D2D /* WeatherImageView */ = {
			isa = PBXGroup;
			children = (
				434BC0302EE9640B008E8D2D /* WeatherImage.swift */,
				434BC0332EE9642B008E8D2D /* WeatherImage.xib */,
			);
			path = WeatherImageView;
			sourceTree = "<group>";
		};
		434BC0352EE96EE3008E8D2D /* SearchEngineView */ = {
			isa = PBXGroup;
			children = (
				434BC0362EE96F1C008E8D2D /* SearchEngine.swift */,
				434BC0382EE96F2B008E8D2D /* SearchEngine.xib */,
			);
			path = SearchEngineView;
			sourceTree = "<group>";
		};
		434BC03A2EE9746D008E8D2D /* SearchEngineCell */ = {
			isa = PBXGroup;
			children = (
				434BC0412EE9764C008E8D2D /* SearchEngineCell.swift */,
				434BC0422EE9764C008E8D2D /* SearchEngineCell.xib */,
			);
			path = SearchEngineCell;
			sourceTree = "<group>";
		};
		434BC04A2EE9988F008E8D2D /* DateLabelView */ = {
			isa = PBXGroup;
			children = (
				434BC04B2EE998B5008E8D2D /* DateLabel.swift */,
				434BC04D2EE998C5008E8D2D /* DateLabel.xib */,
			);
			path = DateLabelView;
			sourceTree = "<group>";
		};
		434BC04F2EE99B5F008E8D2D /* TemperatureLabelView */ = {
			isa = PBXGroup;
			children = (
				434BC0502EE99BB9008E8D2D /* TemperatureLabel.swift */,
				434BC0522EE99BC1008E8D2D /* TemperatureLabel.xib */,
			);
			path = TemperatureLabelView;
			sourceTree = "<group>";
		};
		434BC0542EE99D85008E8D2D /* MainWeatherCell */ = {
			isa = PBXGroup;
			children = (
				434BC0572EE99E04008E8D2D /* MainWeatherCell.swift */,
				434BC0582EE99E04008E8D2D /* MainWeatherCell.xib */,
			);
			path = MainWeatherCell;
			sourceTree = "<group>";
		};
		434BC06C2EE9E848008E8D2D /* Repository */ = {
			isa = PBXGroup;
			children = (
				434BC0702EE9E93A008E8D2D /* WeatherRepository.swift */,
				434BC06D2EE9E8C8008E8D2D /* WeatherRepositoryProtocol.swift */,
			);
			path = Repository;
			sourceTree = "<group>";
		};
		434BC0722EE9F656008E8D2D /* Device */ = {
			isa = PBXGroup;
			children = (
				434BC0732EE9F676008E8D2D /* Location */,
			);
			path = Device;
			sourceTree = "<group>";
		};
		434BC0732EE9F676008E8D2D /* Location */ = {
			isa = PBXGroup;
			children = (
				434BC0762EE9F690008E8D2D /* LocationService.swift */,
				434BC0742EE9F67E008E8D2D /* LocationServiceProtocols.swift */,
			);
			path = Location;
			sourceTree = "<group>";
		};
/* End PBXGroup section */

/* Begin PBXNativeTarget section */
		4331CF342EE88C9B001CFCB7 /* NowWeather */ = {
			isa = PBXNativeTarget;
			buildConfigurationList = 4331CF482EE88C9C001CFCB7 /* Build configuration list for PBXNativeTarget "NowWeather" */;
			buildPhases = (
				4331CF312EE88C9B001CFCB7 /* Sources */,
				4331CF322EE88C9B001CFCB7 /* Frameworks */,
				4331CF332EE88C9B001CFCB7 /* Resources */,
			);
			buildRules = (
			);
			dependencies = (
			);
			name = NowWeather;
			packageProductDependencies = (
			);
			productName = NowWeather;
			productReference = 4331CF352EE88C9B001CFCB7 /* NowWeather.app */;
			productType = "com.apple.product-type.application";
		};
/* End PBXNativeTarget section */

/* Begin PBXProject section */
		4331CF2D2EE88C9B001CFCB7 /* Project object */ = {
			isa = PBXProject;
			attributes = {
				BuildIndependentTargetsInParallel = 1;
				LastSwiftUpdateCheck = 1600;
				LastUpgradeCheck = 1600;
				TargetAttributes = {
					4331CF342EE88C9B001CFCB7 = {
						CreatedOnToolsVersion = 16.0;
					};
				};
			};
			buildConfigurationList = 4331CF302EE88C9B001CFCB7 /* Build configuration list for PBXProject "NowWeather" */;
			developmentRegion = en;
			hasScannedForEncodings = 0;
			knownRegions = (
				en,
				Base,
			);
			mainGroup = 4331CF2C2EE88C9B001CFCB7;
			minimizedProjectReferenceProxies = 1;
			preferredProjectObjectVersion = 77;
			productRefGroup = 4331CF362EE88C9B001CFCB7 /* Products */;
			projectDirPath = "";
			projectRoot = "";
			targets = (
				4331CF342EE88C9B001CFCB7 /* NowWeather */,
			);
		};
/* End PBXProject section */

/* Begin PBXResourcesBuildPhase section */
		4331CF332EE88C9B001CFCB7 /* Resources */ = {
			isa = PBXResourcesBuildPhase;
			buildActionMask = 2147483647;
			files = (
				434BC04E2EE998C5008E8D2D /* DateLabel.xib in Resources */,
				434BC0342EE9642B008E8D2D /* WeatherImage.xib in Resources */,
				4331CF6A2EE89068001CFCB7 /* Assets.xcassets in Resources */,
				434BC0532EE99BC1008E8D2D /* TemperatureLabel.xib in Resources */,
				4331CF6C2EE89068001CFCB7 /* LaunchScreen.storyboard in Resources */,
				434BC0922EEA0F03008E8D2D /* Localizable.strings in Resources */,
				434BC0592EE99E04008E8D2D /* MainWeatherCell.xib in Resources */,
				434BC0392EE96F2B008E8D2D /* SearchEngine.xib in Resources */,
				4331CF6D2EE89068001CFCB7 /* Main.storyboard in Resources */,
				434BC0432EE9764C008E8D2D /* SearchEngineCell.xib in Resources */,
			);
			runOnlyForDeploymentPostprocessing = 0;
		};
/* End PBXResourcesBuildPhase section */

/* Begin PBXSourcesBuildPhase section */
		4331CF312EE88C9B001CFCB7 /* Sources */ = {
			isa = PBXSourcesBuildPhase;
			buildActionMask = 2147483647;
			files = (
				434BC0312EE9640B008E8D2D /* WeatherImage.swift in Sources */,
				434BC04C2EE998B5008E8D2D /* DateLabel.swift in Sources */,
				4331CF812EE89164001CFCB7 /* WeatherLocationViewModel.swift in Sources */,
				4331CF872EE891CC001CFCB7 /* MainCoordinator.swift in Sources */,
				434BC0402EE974EC008E8D2D /* DrawerProtocol.swift in Sources */,
				434BC05E2EE9D990008E8D2D /* AllDataResponseDTO.swift in Sources */,
				4331CF702EE8909A001CFCB7 /* AppCoordinator.swift in Sources */,
				434BC0772EE9F694008E8D2D /* LocationService.swift in Sources */,
				4331CF672EE89068001CFCB7 /* AppDelegate.swift in Sources */,
				434BC05C2EE9C04B008E8D2D /* Utils.swift in Sources */,
				434BC0512EE99BB9008E8D2D /* TemperatureLabel.swift in Sources */,
				434BC0712EE9E940008E8D2D /* WeatherRepository.swift in Sources */,
				4331CF7F2EE8914E001CFCB7 /* WeatherLocationViewModelProtocols.swift in Sources */,
				434BC0692EE9DE91008E8D2D /* WeatherApiService.swift in Sources */,
				434BC0372EE96F1C008E8D2D /* SearchEngine.swift in Sources */,
				434BC0652EE9DACA008E8D2D /* WeatherModel.swift in Sources */,
				4331CF682EE89068001CFCB7 /* SceneDelegate.swift in Sources */,
				4331CF832EE8917A001CFCB7 /* WeatherLocationVC.swift in Sources */,
				434BC06E2EE9E8D0008E8D2D /* WeatherRepositoryProtocol.swift in Sources */,
				434BC0752EE9F68B008E8D2D /* LocationServiceProtocols.swift in Sources */,
				434BC0442EE9764C008E8D2D /* SearchEngineCell.swift in Sources */,
				434BC0672EE9DB62008E8D2D /* WeatherMapper.swift in Sources */,
				434BC0492EE986EC008E8D2D /* Constants.swift in Sources */,
				434BC05A2EE99E04008E8D2D /* MainWeatherCell.swift in Sources */,
				434BC06B2EE9DE9B008E8D2D /* WeatherApiServiceProtocol.swift in Sources */,
			);
			runOnlyForDeploymentPostprocessing = 0;
		};
/* End PBXSourcesBuildPhase section */

/* Begin PBXVariantGroup section */
		4331CF612EE89068001CFCB7 /* LaunchScreen.storyboard */ = {
			isa = PBXVariantGroup;
			children = (
				4331CF602EE89068001CFCB7 /* Base */,
			);
			name = LaunchScreen.storyboard;
			sourceTree = "<group>";
		};
		4331CF632EE89068001CFCB7 /* Main.storyboard */ = {
			isa = PBXVariantGroup;
			children = (
				4331CF622EE89068001CFCB7 /* Base */,
			);
			name = Main.storyboard;
			sourceTree = "<group>";
		};
/* End PBXVariantGroup section */

/* Begin XCBuildConfiguration section */
		4331CF492EE88C9C001CFCB7 /* Debug */ = {
			isa = XCBuildConfiguration;
			buildSettings = {
				ASSETCATALOG_COMPILER_APPICON_NAME = AppIcon;
				ASSETCATALOG_COMPILER_GLOBAL_ACCENT_COLOR_NAME = AccentColor;
				CODE_SIGN_STYLE = Automatic;
				CURRENT_PROJECT_VERSION = 1;
				DEVELOPMENT_TEAM = UDB9KAVJ5F;
				GENERATE_INFOPLIST_FILE = YES;
				INFOPLIST_FILE = NowWeather/Info.plist;
				INFOPLIST_KEY_UIApplicationSupportsIndirectInputEvents = YES;
				INFOPLIST_KEY_UILaunchStoryboardName = LaunchScreen;
				INFOPLIST_KEY_UIMainStoryboardFile = Main;
				INFOPLIST_KEY_UISupportedInterfaceOrientations_iPad = "UIInterfaceOrientationPortrait UIInterfaceOrientationPortraitUpsideDown UIInterfaceOrientationLandscapeLeft UIInterfaceOrientationLandscapeRight";
				INFOPLIST_KEY_UISupportedInterfaceOrientations_iPhone = "UIInterfaceOrientationPortrait UIInterfaceOrientationLandscapeLeft UIInterfaceOrientationLandscapeRight";
				LD_RUNPATH_SEARCH_PATHS = (
					"$(inherited)",
					"@executable_path/Frameworks",
				);
				MARKETING_VERSION = 1.0;
				PRODUCT_BUNDLE_IDENTIFIER = com.ifi.NowWeather;
				PRODUCT_NAME = "$(TARGET_NAME)";
				SWIFT_EMIT_LOC_STRINGS = YES;
				SWIFT_VERSION = 5.0;
				TARGETED_DEVICE_FAMILY = "1,2";
			};
			name = Debug;
		};
		4331CF4A2EE88C9C001CFCB7 /* Release */ = {
			isa = XCBuildConfiguration;
			buildSettings = {
				ASSETCATALOG_COMPILER_APPICON_NAME = AppIcon;
				ASSETCATALOG_COMPILER_GLOBAL_ACCENT_COLOR_NAME = AccentColor;
				CODE_SIGN_STYLE = Automatic;
				CURRENT_PROJECT_VERSION = 1;
				DEVELOPMENT_TEAM = UDB9KAVJ5F;
				GENERATE_INFOPLIST_FILE = YES;
				INFOPLIST_FILE = NowWeather/Info.plist;
				INFOPLIST_KEY_UIApplicationSupportsIndirectInputEvents = YES;
				INFOPLIST_KEY_UILaunchStoryboardName = LaunchScreen;
				INFOPLIST_KEY_UIMainStoryboardFile = Main;
				INFOPLIST_KEY_UISupportedInterfaceOrientations_iPad = "UIInterfaceOrientationPortrait UIInterfaceOrientationPortraitUpsideDown UIInterfaceOrientationLandscapeLeft UIInterfaceOrientationLandscapeRight";
				INFOPLIST_KEY_UISupportedInterfaceOrientations_iPhone = "UIInterfaceOrientationPortrait UIInterfaceOrientationLandscapeLeft UIInterfaceOrientationLandscapeRight";
				LD_RUNPATH_SEARCH_PATHS = (
					"$(inherited)",
					"@executable_path/Frameworks",
				);
				MARKETING_VERSION = 1.0;
				PRODUCT_BUNDLE_IDENTIFIER = com.ifi.NowWeather;
				PRODUCT_NAME = "$(TARGET_NAME)";
				SWIFT_EMIT_LOC_STRINGS = YES;
				SWIFT_VERSION = 5.0;
				TARGETED_DEVICE_FAMILY = "1,2";
			};
			name = Release;
		};
		4331CF4B2EE88C9C001CFCB7 /* Debug */ = {
			isa = XCBuildConfiguration;
			buildSettings = {
				ALWAYS_SEARCH_USER_PATHS = NO;
				ASSETCATALOG_COMPILER_GENERATE_SWIFT_ASSET_SYMBOL_EXTENSIONS = YES;
				CLANG_ANALYZER_NONNULL = YES;
				CLANG_ANALYZER_NUMBER_OBJECT_CONVERSION = YES_AGGRESSIVE;
				CLANG_CXX_LANGUAGE_STANDARD = "gnu++20";
				CLANG_ENABLE_MODULES = YES;
				CLANG_ENABLE_OBJC_ARC = YES;
				CLANG_ENABLE_OBJC_WEAK = YES;
				CLANG_WARN_BLOCK_CAPTURE_AUTORELEASING = YES;
				CLANG_WARN_BOOL_CONVERSION = YES;
				CLANG_WARN_COMMA = YES;
				CLANG_WARN_CONSTANT_CONVERSION = YES;
				CLANG_WARN_DEPRECATED_OBJC_IMPLEMENTATIONS = YES;
				CLANG_WARN_DIRECT_OBJC_ISA_USAGE = YES_ERROR;
				CLANG_WARN_DOCUMENTATION_COMMENTS = YES;
				CLANG_WARN_EMPTY_BODY = YES;
				CLANG_WARN_ENUM_CONVERSION = YES;
				CLANG_WARN_INFINITE_RECURSION = YES;
				CLANG_WARN_INT_CONVERSION = YES;
				CLANG_WARN_NON_LITERAL_NULL_CONVERSION = YES;
				CLANG_WARN_OBJC_IMPLICIT_RETAIN_SELF = YES;
				CLANG_WARN_OBJC_LITERAL_CONVERSION = YES;
				CLANG_WARN_OBJC_ROOT_CLASS = YES_ERROR;
				CLANG_WARN_QUOTED_INCLUDE_IN_FRAMEWORK_HEADER = YES;
				CLANG_WARN_RANGE_LOOP_ANALYSIS = YES;
				CLANG_WARN_STRICT_PROTOTYPES = YES;
				CLANG_WARN_SUSPICIOUS_MOVE = YES;
				CLANG_WARN_UNGUARDED_AVAILABILITY = YES_AGGRESSIVE;
				CLANG_WARN_UNREACHABLE_CODE = YES;
				CLANG_WARN__DUPLICATE_METHOD_MATCH = YES;
				COPY_PHASE_STRIP = NO;
				DEBUG_INFORMATION_FORMAT = dwarf;
				ENABLE_STRICT_OBJC_MSGSEND = YES;
				ENABLE_TESTABILITY = YES;
				ENABLE_USER_SCRIPT_SANDBOXING = YES;
				GCC_C_LANGUAGE_STANDARD = gnu17;
				GCC_DYNAMIC_NO_PIC = NO;
				GCC_NO_COMMON_BLOCKS = YES;
				GCC_OPTIMIZATION_LEVEL = 0;
				GCC_PREPROCESSOR_DEFINITIONS = (
					"DEBUG=1",
					"$(inherited)",
				);
				GCC_WARN_64_TO_32_BIT_CONVERSION = YES;
				GCC_WARN_ABOUT_RETURN_TYPE = YES_ERROR;
				GCC_WARN_UNDECLARED_SELECTOR = YES;
				GCC_WARN_UNINITIALIZED_AUTOS = YES_AGGRESSIVE;
				GCC_WARN_UNUSED_FUNCTION = YES;
				GCC_WARN_UNUSED_VARIABLE = YES;
				IPHONEOS_DEPLOYMENT_TARGET = 18.0;
				LOCALIZATION_PREFERS_STRING_CATALOGS = YES;
				MTL_ENABLE_DEBUG_INFO = INCLUDE_SOURCE;
				MTL_FAST_MATH = YES;
				ONLY_ACTIVE_ARCH = YES;
				SDKROOT = iphoneos;
				SWIFT_ACTIVE_COMPILATION_CONDITIONS = "DEBUG $(inherited)";
				SWIFT_OPTIMIZATION_LEVEL = "-Onone";
			};
			name = Debug;
		};
		4331CF4C2EE88C9C001CFCB7 /* Release */ = {
			isa = XCBuildConfiguration;
			buildSettings = {
				ALWAYS_SEARCH_USER_PATHS = NO;
				ASSETCATALOG_COMPILER_GENERATE_SWIFT_ASSET_SYMBOL_EXTENSIONS = YES;
				CLANG_ANALYZER_NONNULL = YES;
				CLANG_ANALYZER_NUMBER_OBJECT_CONVERSION = YES_AGGRESSIVE;
				CLANG_CXX_LANGUAGE_STANDARD = "gnu++20";
				CLANG_ENABLE_MODULES = YES;
				CLANG_ENABLE_OBJC_ARC = YES;
				CLANG_ENABLE_OBJC_WEAK = YES;
				CLANG_WARN_BLOCK_CAPTURE_AUTORELEASING = YES;
				CLANG_WARN_BOOL_CONVERSION = YES;
				CLANG_WARN_COMMA = YES;
				CLANG_WARN_CONSTANT_CONVERSION = YES;
				CLANG_WARN_DEPRECATED_OBJC_IMPLEMENTATIONS = YES;
				CLANG_WARN_DIRECT_OBJC_ISA_USAGE = YES_ERROR;
				CLANG_WARN_DOCUMENTATION_COMMENTS = YES;
				CLANG_WARN_EMPTY_BODY = YES;
				CLANG_WARN_ENUM_CONVERSION = YES;
				CLANG_WARN_INFINITE_RECURSION = YES;
				CLANG_WARN_INT_CONVERSION = YES;
				CLANG_WARN_NON_LITERAL_NULL_CONVERSION = YES;
				CLANG_WARN_OBJC_IMPLICIT_RETAIN_SELF = YES;
				CLANG_WARN_OBJC_LITERAL_CONVERSION = YES;
				CLANG_WARN_OBJC_ROOT_CLASS = YES_ERROR;
				CLANG_WARN_QUOTED_INCLUDE_IN_FRAMEWORK_HEADER = YES;
				CLANG_WARN_RANGE_LOOP_ANALYSIS = YES;
				CLANG_WARN_STRICT_PROTOTYPES = YES;
				CLANG_WARN_SUSPICIOUS_MOVE = YES;
				CLANG_WARN_UNGUARDED_AVAILABILITY = YES_AGGRESSIVE;
				CLANG_WARN_UNREACHABLE_CODE = YES;
				CLANG_WARN__DUPLICATE_METHOD_MATCH = YES;
				COPY_PHASE_STRIP = NO;
				DEBUG_INFORMATION_FORMAT = "dwarf-with-dsym";
				ENABLE_NS_ASSERTIONS = NO;
				ENABLE_STRICT_OBJC_MSGSEND = YES;
				ENABLE_USER_SCRIPT_SANDBOXING = YES;
				GCC_C_LANGUAGE_STANDARD = gnu17;
				GCC_NO_COMMON_BLOCKS = YES;
				GCC_WARN_64_TO_32_BIT_CONVERSION = YES;
				GCC_WARN_ABOUT_RETURN_TYPE = YES_ERROR;
				GCC_WARN_UNDECLARED_SELECTOR = YES;
				GCC_WARN_UNINITIALIZED_AUTOS = YES_AGGRESSIVE;
				GCC_WARN_UNUSED_FUNCTION = YES;
				GCC_WARN_UNUSED_VARIABLE = YES;
				IPHONEOS_DEPLOYMENT_TARGET = 18.0;
				LOCALIZATION_PREFERS_STRING_CATALOGS = YES;
				MTL_ENABLE_DEBUG_INFO = NO;
				MTL_FAST_MATH = YES;
				SDKROOT = iphoneos;
				SWIFT_COMPILATION_MODE = wholemodule;
				VALIDATE_PRODUCT = YES;
			};
			name = Release;
		};
/* End XCBuildConfiguration section */

/* Begin XCConfigurationList section */
		4331CF302EE88C9B001CFCB7 /* Build configuration list for PBXProject "NowWeather" */ = {
			isa = XCConfigurationList;
			buildConfigurations = (
				4331CF4B2EE88C9C001CFCB7 /* Debug */,
				4331CF4C2EE88C9C001CFCB7 /* Release */,
			);
			defaultConfigurationIsVisible = 0;
			defaultConfigurationName = Release;
		};
		4331CF482EE88C9C001CFCB7 /* Build configuration list for PBXNativeTarget "NowWeather" */ = {
			isa = XCConfigurationList;
			buildConfigurations = (
				4331CF492EE88C9C001CFCB7 /* Debug */,
				4331CF4A2EE88C9C001CFCB7 /* Release */,
			);
			defaultConfigurationIsVisible = 0;
			defaultConfigurationName = Release;
		};
/* End XCConfigurationList section */
	};
	rootObject = 4331CF2D2EE88C9B001CFCB7 /* Project object */;
}
